<?xml version="1.0" encoding="utf-8"?>
<Project ToolsVersion="4.0" xmlns="http://schemas.microsoft.com/developer/msbuild/2003">
  <ItemGroup>
    <Filter Include="Source Files">
      <UniqueIdentifier>{4FC737F1-C7A5-4376-A066-2A32D752A2FF}</UniqueIdentifier>
      <Extensions>cpp;c;cc;cxx;def;odl;idl;hpj;bat;asm;asmx</Extensions>
    </Filter>
    <Filter Include="Header Files">
      <UniqueIdentifier>{93995380-89BD-4b04-88EB-625FBE52EBFB}</UniqueIdentifier>
      <Extensions>h;hpp;hxx;hm;inl;inc;xsd</Extensions>
    </Filter>
    <Filter Include="Resource Files">
      <UniqueIdentifier>{67DA6AB6-F800-4c08-8B7A-83BB121AAD01}</UniqueIdentifier>
      <Extensions>rc;ico;cur;bmp;dlg;rc2;rct;bin;rgs;gif;jpg;jpeg;jpe;resx;tiff;tif;png;wav</Extensions>
    </Filter>
    <Filter Include="Blocks">
      <UniqueIdentifier>{d37d8d3a-149d-4a77-9379-02a540443a5f}</UniqueIdentifier>
    </Filter>
    <Filter Include="Blocks\BSplinePatch">
      <UniqueIdentifier>{9edf2fc8-debf-47e9-97b1-7734c3512f1c}</UniqueIdentifier>
    </Filter>
    <Filter Include="Blocks\BSplinePatch\src">
      <UniqueIdentifier>{1d8d3c01-69c0-4d3d-85d6-bbc328918d24}</UniqueIdentifier>
    </Filter>
    <Filter Include="Blocks\BSplinePatch\include">
      <UniqueIdentifier>{f11f3ccc-f78a-4df6-886e-f3af1cd3822c}</UniqueIdentifier>
    </Filter>
  </ItemGroup>
  <ItemGroup>
    <ClCompile Include="..\src\RibbonApp.cpp">
      <Filter>Source Files</Filter>
    </ClCompile>
    <ClCompile Include="..\..\..\src\BSplinePatch.cpp">
      <Filter>Blocks\BSplinePatch\src</Filter>
    </ClCompile>
    <ClCompile Include="..\..\..\src\BSplineSurface.cpp">
      <Filter>Blocks\BSplinePatch\src</Filter>
    </ClCompile>
  </ItemGroup>
  <ItemGroup>
    <ClInclude Include="..\include\Resources.h">
      <Filter>Header Files</Filter>
    </ClInclude>
    <ClInclude Include="..\include\Resources.h">
      <Filter>Header Files</Filter>
    </ClInclude>
    <ClInclude Include="..\..\..\include\BSplineSurface.h">
      <Filter>Blocks\BSplinePatch\include</Filter>
    </ClInclude>
    <ClInclude Include="..\..\..\include\BSplinePatch.h">
      <Filter>Blocks\BSplinePatch\include</Filter>
    </ClInclude>
  </ItemGroup>
  <ItemGroup>
    <ResourceCompile Include="Resources.rc">
      <Filter>Resource Files</Filter>
    </ResourceCompile>
  </ItemGroup>
</Project>